
Microsoft Visual Studio Solution File, Format Version 12.00
# Visual Studio 2013
VisualStudioVersion = 12.0.30723.0
MinimumVisualStudioVersion = 10.0.40219.1
Project("{FAE04EC0-301F-11D3-BF4B-00C04F79EFBC}") = "9.PrintSequence", "9.PrintSequence\9.PrintSequence.csproj", "{1FA2A7A8-CEE3-4F8C-BD11-BB0399403632}"
EndProject
Project("{FAE04EC0-301F-11D3-BF4B-00C04F79EFBC}") = "10.ReformatCode", "10.ReformatCode\10.ReformatCode.csproj", "{24EB7C79-DEFD-4344-99C8-4C0E4350C701}"
EndProject
Project("{FAE04EC0-301F-11D3-BF4B-00C04F79EFBC}") = "14.CurrentDateTime", "14.CurrentDateTime\14.CurrentDateTime.csproj", "{61536A67-F27F-43FD-9743-50281547D1C4}"
EndProject
Project("{FAE04EC0-301F-11D3-BF4B-00C04F79EFBC}") = "15.AgeAfterTenYears", "15.AgeAfterTenYears\15.AgeAfterTenYears.csproj", "{C7ECB1B8-066D-46B2-882E-A11DBA54B83E}"
EndProject
Project("{FAE04EC0-301F-11D3-BF4B-00C04F79EFBC}") = "16.PrintLongSequence", "16.PrintLongSequence\16.PrintLongSequence.csproj", "{7C2C38B9-236E-4A54-B2F7-595C89331563}"
EndProject
Project("{FAE04EC0-301F-11D3-BF4B-00C04F79EFBC}") = "4.HelloCSharp", "4.HelloCSharp\4.HelloCSharp.csproj", "{ED266E8F-8DDD-4AEC-88E1-0F8D9C99EF10}"
EndProject
Project("{FAE04EC0-301F-11D3-BF4B-00C04F79EFBC}") = "5.PrintMyName", "5.PrintMyName\5.PrintMyName.csproj", "{F5200E6B-8F0D-4B4C-94F5-B6BD404AE9C4}"
EndProject
Project("{FAE04EC0-301F-11D3-BF4B-00C04F79EFBC}") = "6.PrintNumbers", "6.PrintNumbers\6.PrintNumbers.csproj", "{32FD81B0-F267-4A4F-A41A-840FFBE0F745}"
EndProject
Project("{FAE04EC0-301F-11D3-BF4B-00C04F79EFBC}") = "7.PrintFirstAndLastName", "7.PrintFirstAndLastName\7.PrintFirstAndLastName.csproj", "{A9013337-0072-4DE2-A676-B7E38D763405}"
EndProject
Project("{FAE04EC0-301F-11D3-BF4B-00C04F79EFBC}") = "8.CalcSquareRoot", "8.CalcSquareRoot\8.CalcSquareRoot.csproj", "{DFCC238E-39EF-4135-96B3-C85F0B082B2D}"
EndProject
Global
	GlobalSection(SolutionConfigurationPlatforms) = preSolution
		Debug|Any CPU = Debug|Any CPU
		Release|Any CPU = Release|Any CPU
	EndGlobalSection
	GlobalSection(ProjectConfigurationPlatforms) = postSolution
		{1FA2A7A8-CEE3-4F8C-BD11-BB0399403632}.Debug|Any CPU.ActiveCfg = Debug|Any CPU
		{1FA2A7A8-CEE3-4F8C-BD11-BB0399403632}.Debug|Any CPU.Build.0 = Debug|Any CPU
		{1FA2A7A8-CEE3-4F8C-BD11-BB0399403632}.Release|Any CPU.ActiveCfg = Release|Any CPU
		{1FA2A7A8-CEE3-4F8C-BD11-BB0399403632}.Release|Any CPU.Build.0 = Release|Any CPU
		{24EB7C79-DEFD-4344-99C8-4C0E4350C701}.Debug|Any CPU.ActiveCfg = Debug|Any CPU
		{24EB7C79-DEFD-4344-99C8-4C0E4350C701}.Debug|Any CPU.Build.0 = Debug|Any CPU
		{24EB7C79-DEFD-4344-99C8-4C0E4350C701}.Release|Any CPU.ActiveCfg = Release|Any CPU
		{24EB7C79-DEFD-4344-99C8-4C0E4350C701}.Release|Any CPU.Build.0 = Release|Any CPU
		{61536A67-F27F-43FD-9743-50281547D1C4}.Debug|Any CPU.ActiveCfg = Debug|Any CPU
		{61536A67-F27F-43FD-9743-50281547D1C4}.Debug|Any CPU.Build.0 = Debug|Any CPU
		{61536A67-F27F-43FD-9743-50281547D1C4}.Release|Any CPU.ActiveCfg = Release|Any CPU
		{61536A67-F27F-43FD-9743-50281547D1C4}.Release|Any CPU.Build.0 = Release|Any CPU
		{C7ECB1B8-066D-46B2-882E-A11DBA54B83E}.Debug|Any CPU.ActiveCfg = Debug|Any CPU
		{C7ECB1B8-066D-46B2-882E-A11DBA54B83E}.Debug|Any CPU.Build.0 = Debug|Any CPU
		{C7ECB1B8-066D-46B2-882E-A11DBA54B83E}.Release|Any CPU.ActiveCfg = Release|Any CPU
		{C7ECB1B8-066D-46B2-882E-A11DBA54B83E}.Release|Any CPU.Build.0 = Release|Any CPU
		{7C2C38B9-236E-4A54-B2F7-595C89331563}.Debug|Any CPU.ActiveCfg = Debug|Any CPU
		{7C2C38B9-236E-4A54-B2F7-595C89331563}.Debug|Any CPU.Build.0 = Debug|Any CPU
		{7C2C38B9-236E-4A54-B2F7-595C89331563}.Release|Any CPU.ActiveCfg = Release|Any CPU
		{7C2C38B9-236E-4A54-B2F7-595C89331563}.Release|Any CPU.Build.0 = Release|Any CPU
		{ED266E8F-8DDD-4AEC-88E1-0F8D9C99EF10}.Debug|Any CPU.ActiveCfg = Debug|Any CPU
		{ED266E8F-8DDD-4AEC-88E1-0F8D9C99EF10}.Debug|Any CPU.Build.0 = Debug|Any CPU
		{ED266E8F-8DDD-4AEC-88E1-0F8D9C99EF10}.Release|Any CPU.ActiveCfg = Release|Any CPU
		{ED266E8F-8DDD-4AEC-88E1-0F8D9C99EF10}.Release|Any CPU.Build.0 = Release|Any CPU
		{F5200E6B-8F0D-4B4C-94F5-B6BD404AE9C4}.Debug|Any CPU.ActiveCfg = Debug|Any CPU
		{F5200E6B-8F0D-4B4C-94F5-B6BD404AE9C4}.Debug|Any CPU.Build.0 = Debug|Any CPU
		{F5200E6B-8F0D-4B4C-94F5-B6BD404AE9C4}.Release|Any CPU.ActiveCfg = Release|Any CPU
		{F5200E6B-8F0D-4B4C-94F5-B6BD404AE9C4}.Release|Any CPU.Build.0 = Release|Any CPU
		{32FD81B0-F267-4A4F-A41A-840FFBE0F745}.Debug|Any CPU.ActiveCfg = Debug|Any CPU
		{32FD81B0-F267-4A4F-A41A-840FFBE0F745}.Debug|Any CPU.Build.0 = Debug|Any CPU
		{32FD81B0-F267-4A4F-A41A-840FFBE0F745}.Release|Any CPU.ActiveCfg = Release|Any CPU
		{32FD81B0-F267-4A4F-A41A-840FFBE0F745}.Release|Any CPU.Build.0 = Release|Any CPU
		{A9013337-0072-4DE2-A676-B7E38D763405}.Debug|Any CPU.ActiveCfg = Debug|Any CPU
		{A9013337-0072-4DE2-A676-B7E38D763405}.Debug|Any CPU.Build.0 = Debug|Any CPU
		{A9013337-0072-4DE2-A676-B7E38D763405}.Release|Any CPU.ActiveCfg = Release|Any CPU
		{A9013337-0072-4DE2-A676-B7E38D763405}.Release|Any CPU.Build.0 = Release|Any CPU
		{DFCC238E-39EF-4135-96B3-C85F0B082B2D}.Debug|Any CPU.ActiveCfg = Debug|Any CPU
		{DFCC238E-39EF-4135-96B3-C85F0B082B2D}.Debug|Any CPU.Build.0 = Debug|Any CPU
		{DFCC238E-39EF-4135-96B3-C85F0B082B2D}.Release|Any CPU.ActiveCfg = Release|Any CPU
		{DFCC238E-39EF-4135-96B3-C85F0B082B2D}.Release|Any CPU.Build.0 = Release|Any CPU
	EndGlobalSection
	GlobalSection(SolutionProperties) = preSolution
		HideSolutionNode = FALSE
	EndGlobalSection
EndGlobal
